// !$*UTF8*$!
{
	archiveVersion = 1;
	classes = {
	};
	objectVersion = 46;
	objects = {

/* Begin PBXBuildFile section */
		DE914DA51682135F00ED404A /* main.cpp in Sources */ = {isa = PBXBuildFile; fileRef = DE914DA41682135F00ED404A /* main.cpp */; };
		DE914DA71682135F00ED404A /* Snowball.1 in CopyFiles */ = {isa = PBXBuildFile; fileRef = DE914DA61682135F00ED404A /* Snowball.1 */; };
/* End PBXBuildFile section */

/* Begin PBXCopyFilesBuildPhase section */
		DE914D9E1682135F00ED404A /* CopyFiles */ = {
			isa = PBXCopyFilesBuildPhase;
			buildActionMask = 2147483647;
			dstPath = /usr/share/man/man1/;
			dstSubfolderSpec = 0;
			files = (
				DE914DA71682135F00ED404A /* Snowball.1 in CopyFiles */,
			);
			runOnlyForDeploymentPostprocessing = 1;
		};
/* End PBXCopyFilesBuildPhase section */

/* Begin PBXFileReference section */
		DE914DA01682135F00ED404A /* Snowball */ = {isa = PBXFileReference; explicitFileType = "compiled.mach-o.executable"; includeInIndex = 0; path = Snowball; sourceTree = BUILT_PRODUCTS_DIR; };
		DE914DA41682135F00ED404A /* main.cpp */ = {isa = PBXFileReference; lastKnownFileType = sourcecode.cpp.cpp; path = main.cpp; sourceTree = "<group>"; };
		DE914DA61682135F00ED404A /* Snowball.1 */ = {isa = PBXFileReference; lastKnownFileType = text.man; path = Snowball.1; sourceTree = "<group>"; };
/* End PBXFileReference section */

/* Begin PBXFrameworksBuildPhase section */
		DE914D9D1682135F00ED404A /* Frameworks */ = {
			isa = PBXFrameworksBuildPhase;
			buildActionMask = 2147483647;
			files = (
			);
			runOnlyForDeploymentPostprocessing = 0;
		};
/* End PBXFrameworksBuildPhase section */

/* Begin PBXGroup section */
		DE914D951682135E00ED404A = {
			isa = PBXGroup;
			children = (
				DE914DA31682135F00ED404A /* Snowball */,
				DE914DA11682135F00ED404A /* Products */,
			);
			sourceTree = "<group>";
		};
		DE914DA11682135F00ED404A /* Products */ = {
			isa = PBXGroup;
			children = (
				DE914DA01682135F00ED404A /* Snowball */,
			);
			name = Products;
			sourceTree = "<group>";
		};
		DE914DA31682135F00ED404A /* Snowball */ = {
			isa = PBXGroup;
			children = (
				DE914DA41682135F00ED404A /* main.cpp */,
				DE914DA61682135F00ED404A /* Snowball.1 */,
			);
			path = Snowball;
			sourceTree = "<group>";
		};
/* End PBXGroup section */

/* Begin PBXNativeTarget section */
		DE914D9F1682135F00ED404A /* Snowball */ = {
			isa = PBXNativeTarget;
			buildConfigurationList = DE914DAA1682135F00ED404A /* Build configuration list for PBXNativeTarget "Snowball" */;
			buildPhases = (
				DE914D9C1682135F00ED404A /* Sources */,
				DE914D9D1682135F00ED404A /* Frameworks */,
				DE914D9E1682135F00ED404A /* CopyFiles */,
			);
			buildRules = (
			);
			dependencies = (
			);
			name = Snowball;
			productName = Snowball;
			productReference = DE914DA01682135F00ED404A /* Snowball */;
			productType = "com.apple.product-type.tool";
		};
/* End PBXNativeTarget section */

/* Begin PBXProject section */
		DE914D971682135E00ED404A /* Project object */ = {
			isa = PBXProject;
			attributes = {
				LastUpgradeCheck = 0450;
				ORGANIZATIONNAME = "Gabe Johnson";
			};
			buildConfigurationList = DE914D9A1682135E00ED404A /* Build configuration list for PBXProject "Snowball" */;
			compatibilityVersion = "Xcode 3.2";
			developmentRegion = English;
			hasScannedForEncodings = 0;
			knownRegions = (
				en,
			);
			mainGroup = DE914D951682135E00ED404A;
			productRefGroup = DE914DA11682135F00ED404A /* Products */;
			projectDirPath = "";
			projectRoot = "";
			targets = (
				DE914D9F1682135F00ED404A /* Snowball */,
			);
		};
/* End PBXProject section */

/* Begin PBXSourcesBuildPhase section */
		DE914D9C1682135F00ED404A /* Sources */ = {
			isa = PBXSourcesBuildPhase;
			buildActionMask = 2147483647;
			files = (
				DE914DA51682135F00ED404A /* main.cpp in Sources */,
			);
			runOnlyForDeploymentPostprocessing = 0;
		};
/* End PBXSourcesBuildPhase section */

/* Begin XCBuildConfiguration section */
		DE914DA81682135F00ED404A /* Debug */ = {
			isa = XCBuildConfiguration;
			buildSettings = {
				ALWAYS_SEARCH_USER_PATHS = NO;
				ARCHS = "$(ARCHS_STANDARD_64_BIT)";
				CLANG_CXX_LANGUAGE_STANDARD = "gnu++0x";
				CLANG_CXX_LIBRARY = "libc++";
				CLANG_WARN_EMPTY_BODY = YES;
				CLANG_WARN__DUPLICATE_METHOD_MATCH = YES;
				COPY_PHASE_STRIP = NO;
				GCC_C_LANGUAGE_STANDARD = gnu99;
				GCC_DYNAMIC_NO_PIC = NO;
				GCC_ENABLE_OBJC_EXCEPTIONS = YES;
				GCC_OPTIMIZATION_LEVEL = 0;
				GCC_PREPROCESSOR_DEFINITIONS = (
					"DEBUG=1",
					"$(inherited)",
				);
				GCC_SYMBOLS_PRIVATE_EXTERN = NO;
				GCC_WARN_64_TO_32_BIT_CONVERSION = YES;
				GCC_WARN_ABOUT_RETURN_TYPE = YES;
				GCC_WARN_UNINITIALIZED_AUTOS = YES;
				GCC_WARN_UNUSED_VARIABLE = YES;
				MACOSX_DEPLOYMENT_TARGET = 10.8;
				ONLY_ACTIVE_ARCH = YES;
				SDKROOT = macosx;
			};
			name = Debug;
		};
		DE914DA91682135F00ED404A /* Release */ = {
			isa = XCBuildConfiguration;
			buildSettings = {
				ALWAYS_SEARCH_USER_PATHS = NO;
				ARCHS = "$(ARCHS_STANDARD_64_BIT)";
				CLANG_CXX_LANGUAGE_STANDARD = "gnu++0x";
				CLANG_CXX_LIBRARY = "libc++";
				CLANG_WARN_EMPTY_BODY = YES;
				CLANG_WARN__DUPLICATE_METHOD_MATCH = YES;
				COPY_PHASE_STRIP = YES;
				DEBUG_INFORMATION_FORMAT = "dwarf-with-dsym";
				GCC_C_LANGUAGE_STANDARD = gnu99;
				GCC_ENABLE_OBJC_EXCEPTIONS = YES;
				GCC_WARN_64_TO_32_BIT_CONVERSION = YES;
				GCC_WARN_ABOUT_RETURN_TYPE = YES;
				GCC_WARN_UNINITIALIZED_AUTOS = YES;
				GCC_WARN_UNUSED_VARIABLE = YES;
				MACOSX_DEPLOYMENT_TARGET = 10.8;
				SDKROOT = macosx;
			};
			name = Release;
		};
		DE914DAB1682135F00ED404A /* Debug */ = {
			isa = XCBuildConfiguration;
			buildSettings = {
				PRODUCT_NAME = "$(TARGET_NAME)";
			};
			name = Debug;
		};
		DE914DAC1682135F00ED404A /* Release */ = {
			isa = XCBuildConfiguration;
			buildSettings = {
				PRODUCT_NAME = "$(TARGET_NAME)";
			};
			name = Release;
		};
/* End XCBuildConfiguration section */

/* Begin XCConfigurationList section */
		DE914D9A1682135E00ED404A /* Build configuration list for PBXProject "Snowball" */ = {
			isa = XCConfigurationList;
			buildConfigurations = (
				DE914DA81682135F00ED404A /* Debug */,
				DE914DA91682135F00ED404A /* Release */,
			);
			defaultConfigurationIsVisible = 0;
			defaultConfigurationName = Release;
		};
		DE914DAA1682135F00ED404A /* Build configuration list for PBXNativeTarget "Snowball" */ = {
			isa = XCConfigurationList;
			buildConfigurations = (
				DE914DAB1682135F00ED404A /* Debug */,
				DE914DAC1682135F00ED404A /* Release */,
			);
			defaultConfigurationIsVisible = 0;
		};
/* End XCConfigurationList section */
	};
	rootObject = DE914D971682135E00ED404A /* Project object */;
}
